// !$*UTF8*$!
{
	archiveVersion = 1;
	classes = {
	};
	objectVersion = 56;
	objects = {

/* Begin PBXBuildFile section */
		B8399D9128FC05B200A34851 /* DetailViewController.swift in Sources */ = {isa = PBXBuildFile; fileRef = B8399D9028FC05B200A34851 /* DetailViewController.swift */; };
		B8399D9528FC069800A34851 /* Note.swift in Sources */ = {isa = PBXBuildFile; fileRef = B8399D9428FC069800A34851 /* Note.swift */; };
		B8503EFF28FC0414002B5E7C /* AppDelegate.swift in Sources */ = {isa = PBXBuildFile; fileRef = B8503EFE28FC0414002B5E7C /* AppDelegate.swift */; };
		B8503F0128FC0414002B5E7C /* SceneDelegate.swift in Sources */ = {isa = PBXBuildFile; fileRef = B8503F0028FC0414002B5E7C /* SceneDelegate.swift */; };
		B8503F0328FC0414002B5E7C /* ViewController.swift in Sources */ = {isa = PBXBuildFile; fileRef = B8503F0228FC0414002B5E7C /* ViewController.swift */; };
		B8503F0628FC0414002B5E7C /* Main.storyboard in Resources */ = {isa = PBXBuildFile; fileRef = B8503F0428FC0414002B5E7C /* Main.storyboard */; };
		B8503F0828FC0415002B5E7C /* Assets.xcassets in Resources */ = {isa = PBXBuildFile; fileRef = B8503F0728FC0415002B5E7C /* Assets.xcassets */; };
		B8503F0B28FC0415002B5E7C /* LaunchScreen.storyboard in Resources */ = {isa = PBXBuildFile; fileRef = B8503F0928FC0415002B5E7C /* LaunchScreen.storyboard */; };
/* End PBXBuildFile section */

/* Begin PBXFileReference section */
		B8399D9028FC05B200A34851 /* DetailViewController.swift */ = {isa = PBXFileReference; lastKnownFileType = sourcecode.swift; path = DetailViewController.swift; sourceTree = "<group>"; };
		B8399D9428FC069800A34851 /* Note.swift */ = {isa = PBXFileReference; lastKnownFileType = sourcecode.swift; path = Note.swift; sourceTree = "<group>"; };
		B8503EFB28FC0414002B5E7C /* Consolidation_8-Recreation_of_the_iOS_Notes_app.app */ = {isa = PBXFileReference; explicitFileType = wrapper.application; includeInIndex = 0; path = "Consolidation_8-Recreation_of_the_iOS_Notes_app.app"; sourceTree = BUILT_PRODUCTS_DIR; };
		B8503EFE28FC0414002B5E7C /* AppDelegate.swift */ = {isa = PBXFileReference; lastKnownFileType = sourcecode.swift; path = AppDelegate.swift; sourceTree = "<group>"; };
		B8503F0028FC0414002B5E7C /* SceneDelegate.swift */ = {isa = PBXFileReference; lastKnownFileType = sourcecode.swift; path = SceneDelegate.swift; sourceTree = "<group>"; };
		B8503F0228FC0414002B5E7C /* ViewController.swift */ = {isa = PBXFileReference; lastKnownFileType = sourcecode.swift; path = ViewController.swift; sourceTree = "<group>"; };
		B8503F0528FC0414002B5E7C /* Base */ = {isa = PBXFileReference; lastKnownFileType = file.storyboard; name = Base; path = Base.lproj/Main.storyboard; sourceTree = "<group>"; };
		B8503F0728FC0415002B5E7C /* Assets.xcassets */ = {isa = PBXFileReference; lastKnownFileType = folder.assetcatalog; path = Assets.xcassets; sourceTree = "<group>"; };
		B8503F0A28FC0415002B5E7C /* Base */ = {isa = PBXFileReference; lastKnownFileType = file.storyboard; name = Base; path = Base.lproj/LaunchScreen.storyboard; sourceTree = "<group>"; };
		B8503F0C28FC0415002B5E7C /* Info.plist */ = {isa = PBXFileReference; lastKnownFileType = text.plist.xml; path = Info.plist; sourceTree = "<group>"; };
/* End PBXFileReference section */

/* Begin PBXFrameworksBuildPhase section */
		B8503EF828FC0414002B5E7C /* Frameworks */ = {
			isa = PBXFrameworksBuildPhase;
			buildActionMask = 2147483647;
			files = (
			);
			runOnlyForDeploymentPostprocessing = 0;
		};
/* End PBXFrameworksBuildPhase section */

/* Begin PBXGroup section */
		B8503EF228FC0414002B5E7C = {
			isa = PBXGroup;
			children = (
				B8503EFD28FC0414002B5E7C /* Consolidation_8-Recreation_of_the_iOS_Notes_app */,
				B8503EFC28FC0414002B5E7C /* Products */,
			);
			sourceTree = "<group>";
		};
		B8503EFC28FC0414002B5E7C /* Products */ = {
			isa = PBXGroup;
			children = (
				B8503EFB28FC0414002B5E7C /* Consolidation_8-Recreation_of_the_iOS_Notes_app.app */,
			);
			name = Products;
			sourceTree = "<group>";
		};
		B8503EFD28FC0414002B5E7C /* Consolidation_8-Recreation_of_the_iOS_Notes_app */ = {
			isa = PBXGroup;
			children = (
				B8503EFE28FC0414002B5E7C /* AppDelegate.swift */,
				B8503F0028FC0414002B5E7C /* SceneDelegate.swift */,
				B8503F0228FC0414002B5E7C /* ViewController.swift */,
				B8399D9428FC069800A34851 /* Note.swift */,
				B8399D9028FC05B200A34851 /* DetailViewController.swift */,
				B8503F0428FC0414002B5E7C /* Main.storyboard */,
				B8503F0728FC0415002B5E7C /* Assets.xcassets */,
				B8503F0928FC0415002B5E7C /* LaunchScreen.storyboard */,
				B8503F0C28FC0415002B5E7C /* Info.plist */,
			);
			path = "Consolidation_8-Recreation_of_the_iOS_Notes_app";
			sourceTree = "<group>";
		};
/* End PBXGroup section */

/* Begin PBXNativeTarget section */
		B8503EFA28FC0414002B5E7C /* Consolidation_8-Recreation_of_the_iOS_Notes_app */ = {
			isa = PBXNativeTarget;
			buildConfigurationList = B8503F0F28FC0415002B5E7C /* Build configuration list for PBXNativeTarget "Consolidation_8-Recreation_of_the_iOS_Notes_app" */;
			buildPhases = (
				B8503EF728FC0414002B5E7C /* Sources */,
				B8503EF828FC0414002B5E7C /* Frameworks */,
				B8503EF928FC0414002B5E7C /* Resources */,
			);
			buildRules = (
			);
			dependencies = (
			);
			name = "Consolidation_8-Recreation_of_the_iOS_Notes_app";
			productName = "Consolidation_8-Recreation_of_the_iOS_Notes_app";
			productReference = B8503EFB28FC0414002B5E7C /* Consolidation_8-Recreation_of_the_iOS_Notes_app.app */;
			productType = "com.apple.product-type.application";
		};
/* End PBXNativeTarget section */

/* Begin PBXProject section */
		B8503EF328FC0414002B5E7C /* Project object */ = {
			isa = PBXProject;
			attributes = {
				BuildIndependentTargetsInParallel = 1;
				LastSwiftUpdateCheck = 1400;
				LastUpgradeCheck = 1400;
				TargetAttributes = {
					B8503EFA28FC0414002B5E7C = {
						CreatedOnToolsVersion = 14.0.1;
					};
				};
			};
			buildConfigurationList = B8503EF628FC0414002B5E7C /* Build configuration list for PBXProject "Consolidation_8-Recreation_of_the_iOS_Notes_app" */;
			compatibilityVersion = "Xcode 14.0";
			developmentRegion = en;
			hasScannedForEncodings = 0;
			knownRegions = (
				en,
				Base,
			);
			mainGroup = B8503EF228FC0414002B5E7C;
			productRefGroup = B8503EFC28FC0414002B5E7C /* Products */;
			projectDirPath = "";
			projectRoot = "";
			targets = (
				B8503EFA28FC0414002B5E7C /* Consolidation_8-Recreation_of_the_iOS_Notes_app */,
			);
		};
/* End PBXProject section */

/* Begin PBXResourcesBuildPhase section */
		B8503EF928FC0414002B5E7C /* Resources */ = {
			isa = PBXResourcesBuildPhase;
			buildActionMask = 2147483647;
			files = (
				B8503F0B28FC0415002B5E7C /* LaunchScreen.storyboard in Resources */,
				B8503F0828FC0415002B5E7C /* Assets.xcassets in Resources */,
				B8503F0628FC0414002B5E7C /* Main.storyboard in Resources */,
			);
			runOnlyForDeploymentPostprocessing = 0;
		};
/* End PBXResourcesBuildPhase section */

/* Begin PBXSourcesBuildPhase section */
		B8503EF728FC0414002B5E7C /* Sources */ = {
			isa = PBXSourcesBuildPhase;
			buildActionMask = 2147483647;
			files = (
				B8399D9528FC069800A34851 /* Note.swift in Sources */,
				B8503F0328FC0414002B5E7C /* ViewController.swift in Sources */,
				B8503EFF28FC0414002B5E7C /* AppDelegate.swift in Sources */,
				B8503F0128FC0414002B5E7C /* SceneDelegate.swift in Sources */,
				B8399D9128FC05B200A34851 /* DetailViewController.swift in Sources */,
			);
			runOnlyForDeploymentPostprocessing = 0;
		};
/* End PBXSourcesBuildPhase section */

/* Begin PBXVariantGroup section */
		B8503F0428FC0414002B5E7C /* Main.storyboard */ = {
			isa = PBXVariantGroup;
			children = (
				B8503F0528FC0414002B5E7C /* Base */,
			);
			name = Main.storyboard;
			sourceTree = "<group>";
		};
		B8503F0928FC0415002B5E7C /* LaunchScreen.storyboard */ = {
			isa = PBXVariantGroup;
			children = (
				B8503F0A28FC0415002B5E7C /* Base */,
			);
			name = LaunchScreen.storyboard;
			sourceTree = "<group>";
		};
/* End PBXVariantGroup section */

/* Begin XCBuildConfiguration section */
		B8503F0D28FC0415002B5E7C /* Debug */ = {
			isa = XCBuildConfiguration;
			buildSettings = {
				ALWAYS_SEARCH_USER_PATHS = NO;
				CLANG_ANALYZER_NONNULL = YES;
				CLANG_ANALYZER_NUMBER_OBJECT_CONVERSION = YES_AGGRESSIVE;
				CLANG_CXX_LANGUAGE_STANDARD = "gnu++20";
				CLANG_ENABLE_MODULES = YES;
				CLANG_ENABLE_OBJC_ARC = YES;
				CLANG_ENABLE_OBJC_WEAK = YES;
				CLANG_WARN_BLOCK_CAPTURE_AUTORELEASING = YES;
				CLANG_WARN_BOOL_CONVERSION = YES;
				CLANG_WARN_COMMA = YES;
				CLANG_WARN_CONSTANT_CONVERSION = YES;
				CLANG_WARN_DEPRECATED_OBJC_IMPLEMENTATIONS = YES;
				CLANG_WARN_DIRECT_OBJC_ISA_USAGE = YES_ERROR;
				CLANG_WARN_DOCUMENTATION_COMMENTS = YES;
				CLANG_WARN_EMPTY_BODY = YES;
				CLANG_WARN_ENUM_CONVERSION = YES;
				CLANG_WARN_INFINITE_RECURSION = YES;
				CLANG_WARN_INT_CONVERSION = YES;
				CLANG_WARN_NON_LITERAL_NULL_CONVERSION = YES;
				CLANG_WARN_OBJC_IMPLICIT_RETAIN_SELF = YES;
				CLANG_WARN_OBJC_LITERAL_CONVERSION = YES;
				CLANG_WARN_OBJC_ROOT_CLASS = YES_ERROR;
				CLANG_WARN_QUOTED_INCLUDE_IN_FRAMEWORK_HEADER = YES;
				CLANG_WARN_RANGE_LOOP_ANALYSIS = YES;
				CLANG_WARN_STRICT_PROTOTYPES = YES;
				CLANG_WARN_SUSPICIOUS_MOVE = YES;
				CLANG_WARN_UNGUARDED_AVAILABILITY = YES_AGGRESSIVE;
				CLANG_WARN_UNREACHABLE_CODE = YES;
				CLANG_WARN__DUPLICATE_METHOD_MATCH = YES;
				COPY_PHASE_STRIP = NO;
				DEBUG_INFORMATION_FORMAT = dwarf;
				ENABLE_STRICT_OBJC_MSGSEND = YES;
				ENABLE_TESTABILITY = YES;
				GCC_C_LANGUAGE_STANDARD = gnu11;
				GCC_DYNAMIC_NO_PIC = NO;
				GCC_NO_COMMON_BLOCKS = YES;
				GCC_OPTIMIZATION_LEVEL = 0;
				GCC_PREPROCESSOR_DEFINITIONS = (
					"DEBUG=1",
					"$(inherited)",
				);
				GCC_WARN_64_TO_32_BIT_CONVERSION = YES;
				GCC_WARN_ABOUT_RETURN_TYPE = YES_ERROR;
				GCC_WARN_UNDECLARED_SELECTOR = YES;
				GCC_WARN_UNINITIALIZED_AUTOS = YES_AGGRESSIVE;
				GCC_WARN_UNUSED_FUNCTION = YES;
				GCC_WARN_UNUSED_VARIABLE = YES;
				IPHONEOS_DEPLOYMENT_TARGET = 16.0;
				MTL_ENABLE_DEBUG_INFO = INCLUDE_SOURCE;
				MTL_FAST_MATH = YES;
				ONLY_ACTIVE_ARCH = YES;
				SDKROOT = iphoneos;
				SWIFT_ACTIVE_COMPILATION_CONDITIONS = DEBUG;
				SWIFT_OPTIMIZATION_LEVEL = "-Onone";
			};
			name = Debug;
		};
		B8503F0E28FC0415002B5E7C /* Release */ = {
			isa = XCBuildConfiguration;
			buildSettings = {
				ALWAYS_SEARCH_USER_PATHS = NO;
				CLANG_ANALYZER_NONNULL = YES;
				CLANG_ANALYZER_NUMBER_OBJECT_CONVERSION = YES_AGGRESSIVE;
				CLANG_CXX_LANGUAGE_STANDARD = "gnu++20";
				CLANG_ENABLE_MODULES = YES;
				CLANG_ENABLE_OBJC_ARC = YES;
				CLANG_ENABLE_OBJC_WEAK = YES;
				CLANG_WARN_BLOCK_CAPTURE_AUTORELEASING = YES;
				CLANG_WARN_BOOL_CONVERSION = YES;
				CLANG_WARN_COMMA = YES;
				CLANG_WARN_CONSTANT_CONVERSION = YES;
				CLANG_WARN_DEPRECATED_OBJC_IMPLEMENTATIONS = YES;
				CLANG_WARN_DIRECT_OBJC_ISA_USAGE = YES_ERROR;
				CLANG_WARN_DOCUMENTATION_COMMENTS = YES;
				CLANG_WARN_EMPTY_BODY = YES;
				CLANG_WARN_ENUM_CONVERSION = YES;
				CLANG_WARN_INFINITE_RECURSION = YES;
				CLANG_WARN_INT_CONVERSION = YES;
				CLANG_WARN_NON_LITERAL_NULL_CONVERSION = YES;
				CLANG_WARN_OBJC_IMPLICIT_RETAIN_SELF = YES;
				CLANG_WARN_OBJC_LITERAL_CONVERSION = YES;
				CLANG_WARN_OBJC_ROOT_CLASS = YES_ERROR;
				CLANG_WARN_QUOTED_INCLUDE_IN_FRAMEWORK_HEADER = YES;
				CLANG_WARN_RANGE_LOOP_ANALYSIS = YES;
				CLANG_WARN_STRICT_PROTOTYPES = YES;
				CLANG_WARN_SUSPICIOUS_MOVE = YES;
				CLANG_WARN_UNGUARDED_AVAILABILITY = YES_AGGRESSIVE;
				CLANG_WARN_UNREACHABLE_CODE = YES;
				CLANG_WARN__DUPLICATE_METHOD_MATCH = YES;
				COPY_PHASE_STRIP = NO;
				DEBUG_INFORMATION_FORMAT = "dwarf-with-dsym";
				ENABLE_NS_ASSERTIONS = NO;
				ENABLE_STRICT_OBJC_MSGSEND = YES;
				GCC_C_LANGUAGE_STANDARD = gnu11;
				GCC_NO_COMMON_BLOCKS = YES;
				GCC_WARN_64_TO_32_BIT_CONVERSION = YES;
				GCC_WARN_ABOUT_RETURN_TYPE = YES_ERROR;
				GCC_WARN_UNDECLARED_SELECTOR = YES;
				GCC_WARN_UNINITIALIZED_AUTOS = YES_AGGRESSIVE;
				GCC_WARN_UNUSED_FUNCTION = YES;
				GCC_WARN_UNUSED_VARIABLE = YES;
				IPHONEOS_DEPLOYMENT_TARGET = 16.0;
				MTL_ENABLE_DEBUG_INFO = NO;
				MTL_FAST_MATH = YES;
				SDKROOT = iphoneos;
				SWIFT_COMPILATION_MODE = wholemodule;
				SWIFT_OPTIMIZATION_LEVEL = "-O";
				VALIDATE_PRODUCT = YES;
			};
			name = Release;
		};
		B8503F1028FC0415002B5E7C /* Debug */ = {
			isa = XCBuildConfiguration;
			buildSettings = {
				ASSETCATALOG_COMPILER_APPICON_NAME = AppIcon;
				ASSETCATALOG_COMPILER_GLOBAL_ACCENT_COLOR_NAME = AccentColor;
				CODE_SIGN_STYLE = Automatic;
				CURRENT_PROJECT_VERSION = 1;
				DEVELOPMENT_TEAM = 8X7MLERU8X;
				GENERATE_INFOPLIST_FILE = YES;
				INFOPLIST_FILE = "Consolidation_8-Recreation_of_the_iOS_Notes_app/Info.plist";
				INFOPLIST_KEY_UIApplicationSupportsIndirectInputEvents = YES;
				INFOPLIST_KEY_UILaunchStoryboardName = LaunchScreen;
				INFOPLIST_KEY_UIMainStoryboardFile = Main;
				INFOPLIST_KEY_UISupportedInterfaceOrientations = "UIInterfaceOrientationLandscapeLeft UIInterfaceOrientationLandscapeRight UIInterfaceOrientationPortrait";
				LD_RUNPATH_SEARCH_PATHS = (
					"$(inherited)",
					"@executable_path/Frameworks",
				);
				MARKETING_VERSION = 1.0;
				PRODUCT_BUNDLE_IDENTIFIER = "EPJr.Consolidation-8-Recreation-of-the-iOS-Notes-app";
				PRODUCT_NAME = "$(TARGET_NAME)";
				SWIFT_EMIT_LOC_STRINGS = YES;
				SWIFT_VERSION = 5.0;
				TARGETED_DEVICE_FAMILY = "1,2";
			};
			name = Debug;
		};
		B8503F1128FC0415002B5E7C /* Release */ = {
			isa = XCBuildConfiguration;
			buildSettings = {
				ASSETCATALOG_COMPILER_APPICON_NAME = AppIcon;
				ASSETCATALOG_COMPILER_GLOBAL_ACCENT_COLOR_NAME = AccentColor;
				CODE_SIGN_STYLE = Automatic;
				CURRENT_PROJECT_VERSION = 1;
				DEVELOPMENT_TEAM = 8X7MLERU8X;
				GENERATE_INFOPLIST_FILE = YES;
				INFOPLIST_FILE = "Consolidation_8-Recreation_of_the_iOS_Notes_app/Info.plist";
				INFOPLIST_KEY_UIApplicationSupportsIndirectInputEvents = YES;
				INFOPLIST_KEY_UILaunchStoryboardName = LaunchScreen;
				INFOPLIST_KEY_UIMainStoryboardFile = Main;
				INFOPLIST_KEY_UISupportedInterfaceOrientations = "UIInterfaceOrientationLandscapeLeft UIInterfaceOrientationLandscapeRight UIInterfaceOrientationPortrait";
				LD_RUNPATH_SEARCH_PATHS = (
					"$(inherited)",
					"@executable_path/Frameworks",
				);
				MARKETING_VERSION = 1.0;
				PRODUCT_BUNDLE_IDENTIFIER = "EPJr.Consolidation-8-Recreation-of-the-iOS-Notes-app";
				PRODUCT_NAME = "$(TARGET_NAME)";
				SWIFT_EMIT_LOC_STRINGS = YES;
				SWIFT_VERSION = 5.0;
				TARGETED_DEVICE_FAMILY = "1,2";
			};
			name = Release;
		};
/* End XCBuildConfiguration section */

/* Begin XCConfigurationList section */
		B8503EF628FC0414002B5E7C /* Build configuration list for PBXProject "Consolidation_8-Recreation_of_the_iOS_Notes_app" */ = {
			isa = XCConfigurationList;
			buildConfigurations = (
				B8503F0D28FC0415002B5E7C /* Debug */,
				B8503F0E28FC0415002B5E7C /* Release */,
			);
			defaultConfigurationIsVisible = 0;
			defaultConfigurationName = Release;
		};
		B8503F0F28FC0415002B5E7C /* Build configuration list for PBXNativeTarget "Consolidation_8-Recreation_of_the_iOS_Notes_app" */ = {
			isa = XCConfigurationList;
			buildConfigurations = (
				B8503F1028FC0415002B5E7C /* Debug */,
				B8503F1128FC0415002B5E7C /* Release */,
			);
			defaultConfigurationIsVisible = 0;
			defaultConfigurationName = Release;
		};
/* End XCConfigurationList section */
	};
	rootObject = B8503EF328FC0414002B5E7C /* Project object */;
}
